
Microsoft Visual Studio Solution File, Format Version 12.00
# Visual Studio 15
VisualStudioVersion = 15.0.27428.2043
MinimumVisualStudioVersion = 10.0.40219.1
Project("{FAE04EC0-301F-11D3-BF4B-00C04F79EFBC}") = "HackSystem", "HackSystem\HackSystem.csproj", "{6A25BE16-22E7-4002-8CD7-99A7A6BFB2AA}"
	ProjectSection(ProjectDependencies) = postProject
		{C618E603-DD32-4278-BEBF-6B1807E3A790} = {C618E603-DD32-4278-BEBF-6B1807E3A790}
	EndProjectSection
EndProject
Project("{FAE04EC0-301F-11D3-BF4B-00C04F79EFBC}") = "StartUpTemplate", "StartUpTemplate\StartUpTemplate.csproj", "{C618E603-DD32-4278-BEBF-6B1807E3A790}"
EndProject
Project("{FAE04EC0-301F-11D3-BF4B-00C04F79EFBC}") = "DefaultStartUp", "DefaultStartUp\DefaultStartUp.csproj", "{4CD6841D-ACEF-4879-8F0D-ED624A3657CF}"
	ProjectSection(ProjectDependencies) = postProject
		{C618E603-DD32-4278-BEBF-6B1807E3A790} = {C618E603-DD32-4278-BEBF-6B1807E3A790}
	EndProjectSection
EndProject
Project("{FAE04EC0-301F-11D3-BF4B-00C04F79EFBC}") = "HackSystemTests", "HackSystemTests\HackSystemTests.csproj", "{00DFE92D-55C0-4E95-9568-CAFFD9CE37B2}"
EndProject
Global
	GlobalSection(SolutionConfigurationPlatforms) = preSolution
		Debug|Any CPU = Debug|Any CPU
		Release|Any CPU = Release|Any CPU
	EndGlobalSection
	GlobalSection(ProjectConfigurationPlatforms) = postSolution
		{6A25BE16-22E7-4002-8CD7-99A7A6BFB2AA}.Debug|Any CPU.ActiveCfg = Debug|Any CPU
		{6A25BE16-22E7-4002-8CD7-99A7A6BFB2AA}.Debug|Any CPU.Build.0 = Debug|Any CPU
		{6A25BE16-22E7-4002-8CD7-99A7A6BFB2AA}.Release|Any CPU.ActiveCfg = Release|Any CPU
		{6A25BE16-22E7-4002-8CD7-99A7A6BFB2AA}.Release|Any CPU.Build.0 = Release|Any CPU
		{C618E603-DD32-4278-BEBF-6B1807E3A790}.Debug|Any CPU.ActiveCfg = Debug|Any CPU
		{C618E603-DD32-4278-BEBF-6B1807E3A790}.Debug|Any CPU.Build.0 = Debug|Any CPU
		{C618E603-DD32-4278-BEBF-6B1807E3A790}.Release|Any CPU.ActiveCfg = Release|Any CPU
		{C618E603-DD32-4278-BEBF-6B1807E3A790}.Release|Any CPU.Build.0 = Release|Any CPU
		{4CD6841D-ACEF-4879-8F0D-ED624A3657CF}.Debug|Any CPU.ActiveCfg = Debug|Any CPU
		{4CD6841D-ACEF-4879-8F0D-ED624A3657CF}.Debug|Any CPU.Build.0 = Debug|Any CPU
		{4CD6841D-ACEF-4879-8F0D-ED624A3657CF}.Release|Any CPU.ActiveCfg = Release|Any CPU
		{4CD6841D-ACEF-4879-8F0D-ED624A3657CF}.Release|Any CPU.Build.0 = Release|Any CPU
		{00DFE92D-55C0-4E95-9568-CAFFD9CE37B2}.Debug|Any CPU.ActiveCfg = Debug|Any CPU
		{00DFE92D-55C0-4E95-9568-CAFFD9CE37B2}.Debug|Any CPU.Build.0 = Debug|Any CPU
		{00DFE92D-55C0-4E95-9568-CAFFD9CE37B2}.Release|Any CPU.ActiveCfg = Release|Any CPU
		{00DFE92D-55C0-4E95-9568-CAFFD9CE37B2}.Release|Any CPU.Build.0 = Release|Any CPU
	EndGlobalSection
	GlobalSection(SolutionProperties) = preSolution
		HideSolutionNode = FALSE
	EndGlobalSection
	GlobalSection(ExtensibilityGlobals) = postSolution
		SolutionGuid = {79BC620D-A9A9-41B2-835E-E6CAF80E9902}
	EndGlobalSection
EndGlobal
