
Microsoft Visual Studio Solution File, Format Version 12.00
# Visual Studio Version 17
VisualStudioVersion = 17.0.31612.314
MinimumVisualStudioVersion = 10.0.40219.1
Project("{2150E333-8FDC-42A3-9474-1A3956D46DE8}") = "Documents", "Documents", "{572BBA13-D65E-4B29-9BDE-E95E05BCA8FB}"
	ProjectSection(SolutionItems) = preProject
		HackSystem 2.0.md = HackSystem 2.0.md
		LICENSE = LICENSE
		README.md = README.md
		TaskPlan.md = TaskPlan.md
	EndProjectSection
EndProject
Project("{9A19103F-16F7-4668-BE54-9A1E7A4F7556}") = "HackSystem.Web", "HackSystem.Web\HackSystem.Web.csproj", "{50BC607B-8E72-4F3B-8E30-85EC46C02B5B}"
EndProject
Project("{9A19103F-16F7-4668-BE54-9A1E7A4F7556}") = "HackSystem.WebAPI", "HackSystem.WebAPI\HackSystem.WebAPI.csproj", "{0E0F3F13-BDA9-4FD9-8F8F-0B45BC42653D}"
EndProject
Project("{2150E333-8FDC-42A3-9474-1A3956D46DE8}") = "Client", "Client", "{8F1A915B-6FF6-4BD2-BDD7-F7AF638E049E}"
EndProject
Project("{2150E333-8FDC-42A3-9474-1A3956D46DE8}") = "Server", "Server", "{C38BAE94-BA73-4A57-9826-1468FA22DDE8}"
EndProject
Project("{2150E333-8FDC-42A3-9474-1A3956D46DE8}") = "Shared", "Shared", "{032758B4-9152-4B10-8627-7914F5F4E0E0}"
EndProject
Project("{9A19103F-16F7-4668-BE54-9A1E7A4F7556}") = "HackSystem.Web.Authentication", "HackSystem.Web.Authentication\HackSystem.Web.Authentication.csproj", "{1C765B85-11A0-40E9-A57F-9925FC8388AC}"
EndProject
Project("{9A19103F-16F7-4668-BE54-9A1E7A4F7556}") = "HackSystem.Web.CookieStorage", "HackSystem.Web.CookieStorage\HackSystem.Web.CookieStorage.csproj", "{1B040EE1-99BA-45C8-84E8-05C4D2F6F138}"
EndProject
Project("{9A19103F-16F7-4668-BE54-9A1E7A4F7556}") = "HackSystem.WebAPI.DataAccess", "HackSystem.WebAPI.DataAccess\HackSystem.WebAPI.DataAccess.csproj", "{39A85FC7-BFCB-45AB-9BF8-6B4AD9FD1553}"
EndProject
Project("{9A19103F-16F7-4668-BE54-9A1E7A4F7556}") = "HackSystem.WebAPI.Model", "HackSystem.WebAPI.Model\HackSystem.WebAPI.Model.csproj", "{7E62BBDC-AAD6-4E09-8B7D-C1E1ED2A6F52}"
EndProject
Project("{9A19103F-16F7-4668-BE54-9A1E7A4F7556}") = "HackSystem.WebAPI.Common", "HackSystem.WebAPI.Common\HackSystem.WebAPI.Common.csproj", "{0E454A0D-3BCD-465F-9B7B-14640F84DAC2}"
EndProject
Project("{9A19103F-16F7-4668-BE54-9A1E7A4F7556}") = "HackSystem.Web.Services", "HackSystem.Web.Services\HackSystem.Web.Services.csproj", "{01DFAC43-3E1E-43C7-8293-63BB9D29B9F3}"
EndProject
Project("{9A19103F-16F7-4668-BE54-9A1E7A4F7556}") = "HackSystem.Web.Services.API", "HackSystem.Web.Services.API\HackSystem.Web.Services.API.csproj", "{2CBCA0C2-F93B-465E-B1EC-6492EF578A44}"
EndProject
Project("{9A19103F-16F7-4668-BE54-9A1E7A4F7556}") = "HackSystem.Web.Common", "HackSystem.Web.Common\HackSystem.Web.Common.csproj", "{40A3D28A-4062-4737-9170-1BFD5DC967F4}"
EndProject
Project("{9A19103F-16F7-4668-BE54-9A1E7A4F7556}") = "HackSystem.Common", "HackSystem.Common\HackSystem.Common.csproj", "{833CE192-CB3D-4BB4-863B-4D82C6AA150D}"
EndProject
Project("{9A19103F-16F7-4668-BE54-9A1E7A4F7556}") = "HackSystem.WebDataTransfer", "HackSystem.WebDataTransfer\HackSystem.WebDataTransfer.csproj", "{D8E24332-D011-4AE9-8069-7D53C33FAAB9}"
EndProject
Project("{9A19103F-16F7-4668-BE54-9A1E7A4F7556}") = "HackSystem.WebAPI.Services", "HackSystem.WebAPI.Services\HackSystem.WebAPI.Services.csproj", "{12940D0D-4F2E-4D5D-921D-7924DEDA5E96}"
EndProject
Project("{9A19103F-16F7-4668-BE54-9A1E7A4F7556}") = "HackSystem.WebAPI.Services.API", "HackSystem.WebAPI.Services.API\HackSystem.WebAPI.Services.API.csproj", "{1CCDA108-B6F5-4A85-835B-C18C80E315B4}"
EndProject
Project("{9A19103F-16F7-4668-BE54-9A1E7A4F7556}") = "HackSystem.WebAPI.Authentication", "HackSystem.WebAPI.Authentication\HackSystem.WebAPI.Authentication.csproj", "{DBBEAD4F-B6D7-42A3-BA89-D5B8F2F231E2}"
EndProject
Project("{9A19103F-16F7-4668-BE54-9A1E7A4F7556}") = "HackSystem.WebHost", "HackSystem.WebHost\HackSystem.WebHost.csproj", "{E55625BC-F9AC-4185-BA0A-CE4F71B84E80}"
EndProject
Project("{2150E333-8FDC-42A3-9474-1A3956D46DE8}") = "ClientProgram", "ClientProgram", "{AF1955FF-2836-4A59-A822-62EB7B6774CB}"
EndProject
Project("{9A19103F-16F7-4668-BE54-9A1E7A4F7556}") = "HackSystem.Web.SystemProgram", "HackSystem.Web.SystemProgram\HackSystem.Web.SystemProgram.csproj", "{5226E183-63CC-4C2A-9E54-952CC0352483}"
EndProject
Project("{9A19103F-16F7-4668-BE54-9A1E7A4F7556}") = "HackSystem.Web.ProgramSDK", "HackSystem.Web.ProgramSDK\HackSystem.Web.ProgramSDK.csproj", "{059B5654-8BA9-4082-8ACF-F6B65B624C53}"
EndProject
Project("{9A19103F-16F7-4668-BE54-9A1E7A4F7556}") = "HackSystem.Web.ProgramSchedule", "HackSystem.Web.ProgramSchedule\HackSystem.Web.ProgramSchedule.csproj", "{A57AA61E-780A-4C27-9E7C-A6D79F975221}"
EndProject
Project("{9A19103F-16F7-4668-BE54-9A1E7A4F7556}") = "HackSystem.Observer", "HackSystem.Observer\HackSystem.Observer.csproj", "{4BD58925-E729-445A-8EB0-504D0D6D144B}"
EndProject
Project("{9A19103F-16F7-4668-BE54-9A1E7A4F7556}") = "HackSystem.Cryptography", "HackSystem.Cryptography\HackSystem.Cryptography.csproj", "{5825948B-1373-4B69-AA8B-E88E16650D4C}"
EndProject
Project("{9A19103F-16F7-4668-BE54-9A1E7A4F7556}") = "HackSystem.CryptographyTests", "HackSystem.CryptographyTests\HackSystem.CryptographyTests.csproj", "{B00131BF-9AFE-4D6B-A23C-C8AA3CD7D5EC}"
EndProject
Project("{9A19103F-16F7-4668-BE54-9A1E7A4F7556}") = "HackSystem.WebTests", "HackSystem.WebTests\HackSystem.WebTests.csproj", "{7538EBE4-EE84-4A04-AA25-B9645D8E3121}"
EndProject
Project("{9A19103F-16F7-4668-BE54-9A1E7A4F7556}") = "HackSystem.Web.AuthenticationTests", "HackSystem.Web.AuthenticationTests\HackSystem.Web.AuthenticationTests.csproj", "{E49F7DFF-3453-44F6-9DC1-F3A5743F3E3E}"
EndProject
Project("{9A19103F-16F7-4668-BE54-9A1E7A4F7556}") = "HackSystem.Web.ProgramScheduleTests", "HackSystem.Web.ProgramScheduleTests\HackSystem.Web.ProgramScheduleTests.csproj", "{0C7175E5-8797-46D7-8763-078D4AFE339E}"
EndProject
Project("{2150E333-8FDC-42A3-9474-1A3956D46DE8}") = "BuildTools", "BuildTools", "{C50E112A-8BED-411F-84ED-3223C3D55D94}"
	ProjectSection(SolutionItems) = preProject
		BuildTools\blazor.webassembly.js = BuildTools\blazor.webassembly.js
	EndProjectSection
EndProject
Project("{9A19103F-16F7-4668-BE54-9A1E7A4F7556}") = "HackSystem.WebAPI.TaskServers", "HackSystem.WebAPI.TaskServers\HackSystem.WebAPI.TaskServers.csproj", "{C9603E84-7C47-4DCB-9C21-3E81300A7C73}"
EndProject
Project("{9A19103F-16F7-4668-BE54-9A1E7A4F7556}") = "HackSystem.WebAPI.DataAccess.API", "HackSystem.WebAPI.DataAccess.API\HackSystem.WebAPI.DataAccess.API.csproj", "{E5E50B96-6D95-4BFB-A064-A7E20B995418}"
EndProject
Project("{9A19103F-16F7-4668-BE54-9A1E7A4F7556}") = "HackSystem.WebAPI.TaskServersTests", "HackSystem.WebAPI.TaskServersTests\HackSystem.WebAPI.TaskServersTests.csproj", "{57853ADD-AC18-46B8-AEDC-1B653B5B1BC1}"
EndProject
Project("{9A19103F-16F7-4668-BE54-9A1E7A4F7556}") = "HackSystem.WebAPI.MockServer", "HackSystem.WebAPI.MockServer\HackSystem.WebAPI.MockServer.csproj", "{5EA486D3-DF1A-4A2C-852A-40914215D223}"
EndProject
Project("{9A19103F-16F7-4668-BE54-9A1E7A4F7556}") = "HackSystem.WebAPI.MockServerTests", "HackSystem.WebAPI.MockServerTests\HackSystem.WebAPI.MockServerTests.csproj", "{91C78F24-82F1-4284-894D-4FCD018EB7D5}"
EndProject
Project("{2150E333-8FDC-42A3-9474-1A3956D46DE8}") = "UnitTests", "UnitTests", "{18D743E0-6FF7-4BE6-B40F-5ABC19547342}"
EndProject
Project("{9A19103F-16F7-4668-BE54-9A1E7A4F7556}") = "HackSystem.WebAPI.ServicesTests", "HackSystem.WebAPI.ServicesTests\HackSystem.WebAPI.ServicesTests.csproj", "{1DF2ED24-ED39-46EB-9E47-DBB5AC1C19AB}"
EndProject
Project("{9A19103F-16F7-4668-BE54-9A1E7A4F7556}") = "HackSystem.WebAPI.Extensions", "HackSystem.WebAPI.Extensions\HackSystem.WebAPI.Extensions.csproj", "{D2B2DD7E-B6E3-4C2A-9A9F-91D79A689898}"
EndProject
Project("{9A19103F-16F7-4668-BE54-9A1E7A4F7556}") = "HackSystem.WebAPI.Tasks", "HackSystem.WebAPI.Tasks\HackSystem.WebAPI.Tasks.csproj", "{B6B5A2BE-C5A3-42EE-82D4-060537DE794F}"
EndProject
Project("{FAE04EC0-301F-11D3-BF4B-00C04F79EFBC}") = "HackSystem.Web.TaskSchedule", "HackSystem.Web.TaskSchedule\HackSystem.Web.TaskSchedule.csproj", "{3EA96FFD-9A41-4B23-AEF4-A8BF377311D5}"
EndProject
Global
	GlobalSection(SolutionConfigurationPlatforms) = preSolution
		Debug|Any CPU = Debug|Any CPU
		Debug|x64 = Debug|x64
		Debug|x86 = Debug|x86
		Release|Any CPU = Release|Any CPU
		Release|x64 = Release|x64
		Release|x86 = Release|x86
	EndGlobalSection
	GlobalSection(ProjectConfigurationPlatforms) = postSolution
		{50BC607B-8E72-4F3B-8E30-85EC46C02B5B}.Debug|Any CPU.ActiveCfg = Debug|Any CPU
		{50BC607B-8E72-4F3B-8E30-85EC46C02B5B}.Debug|Any CPU.Build.0 = Debug|Any CPU
		{50BC607B-8E72-4F3B-8E30-85EC46C02B5B}.Debug|x64.ActiveCfg = Debug|Any CPU
		{50BC607B-8E72-4F3B-8E30-85EC46C02B5B}.Debug|x64.Build.0 = Debug|Any CPU
		{50BC607B-8E72-4F3B-8E30-85EC46C02B5B}.Debug|x86.ActiveCfg = Debug|Any CPU
		{50BC607B-8E72-4F3B-8E30-85EC46C02B5B}.Debug|x86.Build.0 = Debug|Any CPU
		{50BC607B-8E72-4F3B-8E30-85EC46C02B5B}.Release|Any CPU.ActiveCfg = Release|Any CPU
		{50BC607B-8E72-4F3B-8E30-85EC46C02B5B}.Release|Any CPU.Build.0 = Release|Any CPU
		{50BC607B-8E72-4F3B-8E30-85EC46C02B5B}.Release|x64.ActiveCfg = Release|Any CPU
		{50BC607B-8E72-4F3B-8E30-85EC46C02B5B}.Release|x64.Build.0 = Release|Any CPU
		{50BC607B-8E72-4F3B-8E30-85EC46C02B5B}.Release|x86.ActiveCfg = Release|Any CPU
		{50BC607B-8E72-4F3B-8E30-85EC46C02B5B}.Release|x86.Build.0 = Release|Any CPU
		{0E0F3F13-BDA9-4FD9-8F8F-0B45BC42653D}.Debug|Any CPU.ActiveCfg = Debug|Any CPU
		{0E0F3F13-BDA9-4FD9-8F8F-0B45BC42653D}.Debug|Any CPU.Build.0 = Debug|Any CPU
		{0E0F3F13-BDA9-4FD9-8F8F-0B45BC42653D}.Debug|x64.ActiveCfg = Debug|Any CPU
		{0E0F3F13-BDA9-4FD9-8F8F-0B45BC42653D}.Debug|x64.Build.0 = Debug|Any CPU
		{0E0F3F13-BDA9-4FD9-8F8F-0B45BC42653D}.Debug|x86.ActiveCfg = Debug|Any CPU
		{0E0F3F13-BDA9-4FD9-8F8F-0B45BC42653D}.Debug|x86.Build.0 = Debug|Any CPU
		{0E0F3F13-BDA9-4FD9-8F8F-0B45BC42653D}.Release|Any CPU.ActiveCfg = Release|Any CPU
		{0E0F3F13-BDA9-4FD9-8F8F-0B45BC42653D}.Release|Any CPU.Build.0 = Release|Any CPU
		{0E0F3F13-BDA9-4FD9-8F8F-0B45BC42653D}.Release|x64.ActiveCfg = Release|Any CPU
		{0E0F3F13-BDA9-4FD9-8F8F-0B45BC42653D}.Release|x64.Build.0 = Release|Any CPU
		{0E0F3F13-BDA9-4FD9-8F8F-0B45BC42653D}.Release|x86.ActiveCfg = Release|Any CPU
		{0E0F3F13-BDA9-4FD9-8F8F-0B45BC42653D}.Release|x86.Build.0 = Release|Any CPU
		{1C765B85-11A0-40E9-A57F-9925FC8388AC}.Debug|Any CPU.ActiveCfg = Debug|Any CPU
		{1C765B85-11A0-40E9-A57F-9925FC8388AC}.Debug|Any CPU.Build.0 = Debug|Any CPU
		{1C765B85-11A0-40E9-A57F-9925FC8388AC}.Debug|x64.ActiveCfg = Debug|Any CPU
		{1C765B85-11A0-40E9-A57F-9925FC8388AC}.Debug|x64.Build.0 = Debug|Any CPU
		{1C765B85-11A0-40E9-A57F-9925FC8388AC}.Debug|x86.ActiveCfg = Debug|Any CPU
		{1C765B85-11A0-40E9-A57F-9925FC8388AC}.Debug|x86.Build.0 = Debug|Any CPU
		{1C765B85-11A0-40E9-A57F-9925FC8388AC}.Release|Any CPU.ActiveCfg = Release|Any CPU
		{1C765B85-11A0-40E9-A57F-9925FC8388AC}.Release|Any CPU.Build.0 = Release|Any CPU
		{1C765B85-11A0-40E9-A57F-9925FC8388AC}.Release|x64.ActiveCfg = Release|Any CPU
		{1C765B85-11A0-40E9-A57F-9925FC8388AC}.Release|x64.Build.0 = Release|Any CPU
		{1C765B85-11A0-40E9-A57F-9925FC8388AC}.Release|x86.ActiveCfg = Release|Any CPU
		{1C765B85-11A0-40E9-A57F-9925FC8388AC}.Release|x86.Build.0 = Release|Any CPU
		{1B040EE1-99BA-45C8-84E8-05C4D2F6F138}.Debug|Any CPU.ActiveCfg = Debug|Any CPU
		{1B040EE1-99BA-45C8-84E8-05C4D2F6F138}.Debug|Any CPU.Build.0 = Debug|Any CPU
		{1B040EE1-99BA-45C8-84E8-05C4D2F6F138}.Debug|x64.ActiveCfg = Debug|Any CPU
		{1B040EE1-99BA-45C8-84E8-05C4D2F6F138}.Debug|x64.Build.0 = Debug|Any CPU
		{1B040EE1-99BA-45C8-84E8-05C4D2F6F138}.Debug|x86.ActiveCfg = Debug|Any CPU
		{1B040EE1-99BA-45C8-84E8-05C4D2F6F138}.Debug|x86.Build.0 = Debug|Any CPU
		{1B040EE1-99BA-45C8-84E8-05C4D2F6F138}.Release|Any CPU.ActiveCfg = Release|Any CPU
		{1B040EE1-99BA-45C8-84E8-05C4D2F6F138}.Release|Any CPU.Build.0 = Release|Any CPU
		{1B040EE1-99BA-45C8-84E8-05C4D2F6F138}.Release|x64.ActiveCfg = Release|Any CPU
		{1B040EE1-99BA-45C8-84E8-05C4D2F6F138}.Release|x64.Build.0 = Release|Any CPU
		{1B040EE1-99BA-45C8-84E8-05C4D2F6F138}.Release|x86.ActiveCfg = Release|Any CPU
		{1B040EE1-99BA-45C8-84E8-05C4D2F6F138}.Release|x86.Build.0 = Release|Any CPU
		{39A85FC7-BFCB-45AB-9BF8-6B4AD9FD1553}.Debug|Any CPU.ActiveCfg = Debug|Any CPU
		{39A85FC7-BFCB-45AB-9BF8-6B4AD9FD1553}.Debug|Any CPU.Build.0 = Debug|Any CPU
		{39A85FC7-BFCB-45AB-9BF8-6B4AD9FD1553}.Debug|x64.ActiveCfg = Debug|Any CPU
		{39A85FC7-BFCB-45AB-9BF8-6B4AD9FD1553}.Debug|x64.Build.0 = Debug|Any CPU
		{39A85FC7-BFCB-45AB-9BF8-6B4AD9FD1553}.Debug|x86.ActiveCfg = Debug|Any CPU
		{39A85FC7-BFCB-45AB-9BF8-6B4AD9FD1553}.Debug|x86.Build.0 = Debug|Any CPU
		{39A85FC7-BFCB-45AB-9BF8-6B4AD9FD1553}.Release|Any CPU.ActiveCfg = Release|Any CPU
		{39A85FC7-BFCB-45AB-9BF8-6B4AD9FD1553}.Release|Any CPU.Build.0 = Release|Any CPU
		{39A85FC7-BFCB-45AB-9BF8-6B4AD9FD1553}.Release|x64.ActiveCfg = Release|Any CPU
		{39A85FC7-BFCB-45AB-9BF8-6B4AD9FD1553}.Release|x64.Build.0 = Release|Any CPU
		{39A85FC7-BFCB-45AB-9BF8-6B4AD9FD1553}.Release|x86.ActiveCfg = Release|Any CPU
		{39A85FC7-BFCB-45AB-9BF8-6B4AD9FD1553}.Release|x86.Build.0 = Release|Any CPU
		{7E62BBDC-AAD6-4E09-8B7D-C1E1ED2A6F52}.Debug|Any CPU.ActiveCfg = Debug|Any CPU
		{7E62BBDC-AAD6-4E09-8B7D-C1E1ED2A6F52}.Debug|Any CPU.Build.0 = Debug|Any CPU
		{7E62BBDC-AAD6-4E09-8B7D-C1E1ED2A6F52}.Debug|x64.ActiveCfg = Debug|Any CPU
		{7E62BBDC-AAD6-4E09-8B7D-C1E1ED2A6F52}.Debug|x64.Build.0 = Debug|Any CPU
		{7E62BBDC-AAD6-4E09-8B7D-C1E1ED2A6F52}.Debug|x86.ActiveCfg = Debug|Any CPU
		{7E62BBDC-AAD6-4E09-8B7D-C1E1ED2A6F52}.Debug|x86.Build.0 = Debug|Any CPU
		{7E62BBDC-AAD6-4E09-8B7D-C1E1ED2A6F52}.Release|Any CPU.ActiveCfg = Release|Any CPU
		{7E62BBDC-AAD6-4E09-8B7D-C1E1ED2A6F52}.Release|Any CPU.Build.0 = Release|Any CPU
		{7E62BBDC-AAD6-4E09-8B7D-C1E1ED2A6F52}.Release|x64.ActiveCfg = Release|Any CPU
		{7E62BBDC-AAD6-4E09-8B7D-C1E1ED2A6F52}.Release|x64.Build.0 = Release|Any CPU
		{7E62BBDC-AAD6-4E09-8B7D-C1E1ED2A6F52}.Release|x86.ActiveCfg = Release|Any CPU
		{7E62BBDC-AAD6-4E09-8B7D-C1E1ED2A6F52}.Release|x86.Build.0 = Release|Any CPU
		{0E454A0D-3BCD-465F-9B7B-14640F84DAC2}.Debug|Any CPU.ActiveCfg = Debug|Any CPU
		{0E454A0D-3BCD-465F-9B7B-14640F84DAC2}.Debug|Any CPU.Build.0 = Debug|Any CPU
		{0E454A0D-3BCD-465F-9B7B-14640F84DAC2}.Debug|x64.ActiveCfg = Debug|Any CPU
		{0E454A0D-3BCD-465F-9B7B-14640F84DAC2}.Debug|x64.Build.0 = Debug|Any CPU
		{0E454A0D-3BCD-465F-9B7B-14640F84DAC2}.Debug|x86.ActiveCfg = Debug|Any CPU
		{0E454A0D-3BCD-465F-9B7B-14640F84DAC2}.Debug|x86.Build.0 = Debug|Any CPU
		{0E454A0D-3BCD-465F-9B7B-14640F84DAC2}.Release|Any CPU.ActiveCfg = Release|Any CPU
		{0E454A0D-3BCD-465F-9B7B-14640F84DAC2}.Release|Any CPU.Build.0 = Release|Any CPU
		{0E454A0D-3BCD-465F-9B7B-14640F84DAC2}.Release|x64.ActiveCfg = Release|Any CPU
		{0E454A0D-3BCD-465F-9B7B-14640F84DAC2}.Release|x64.Build.0 = Release|Any CPU
		{0E454A0D-3BCD-465F-9B7B-14640F84DAC2}.Release|x86.ActiveCfg = Release|Any CPU
		{0E454A0D-3BCD-465F-9B7B-14640F84DAC2}.Release|x86.Build.0 = Release|Any CPU
		{01DFAC43-3E1E-43C7-8293-63BB9D29B9F3}.Debug|Any CPU.ActiveCfg = Debug|Any CPU
		{01DFAC43-3E1E-43C7-8293-63BB9D29B9F3}.Debug|Any CPU.Build.0 = Debug|Any CPU
		{01DFAC43-3E1E-43C7-8293-63BB9D29B9F3}.Debug|x64.ActiveCfg = Debug|Any CPU
		{01DFAC43-3E1E-43C7-8293-63BB9D29B9F3}.Debug|x64.Build.0 = Debug|Any CPU
		{01DFAC43-3E1E-43C7-8293-63BB9D29B9F3}.Debug|x86.ActiveCfg = Debug|Any CPU
		{01DFAC43-3E1E-43C7-8293-63BB9D29B9F3}.Debug|x86.Build.0 = Debug|Any CPU
		{01DFAC43-3E1E-43C7-8293-63BB9D29B9F3}.Release|Any CPU.ActiveCfg = Release|Any CPU
		{01DFAC43-3E1E-43C7-8293-63BB9D29B9F3}.Release|Any CPU.Build.0 = Release|Any CPU
		{01DFAC43-3E1E-43C7-8293-63BB9D29B9F3}.Release|x64.ActiveCfg = Release|Any CPU
		{01DFAC43-3E1E-43C7-8293-63BB9D29B9F3}.Release|x64.Build.0 = Release|Any CPU
		{01DFAC43-3E1E-43C7-8293-63BB9D29B9F3}.Release|x86.ActiveCfg = Release|Any CPU
		{01DFAC43-3E1E-43C7-8293-63BB9D29B9F3}.Release|x86.Build.0 = Release|Any CPU
		{2CBCA0C2-F93B-465E-B1EC-6492EF578A44}.Debug|Any CPU.ActiveCfg = Debug|Any CPU
		{2CBCA0C2-F93B-465E-B1EC-6492EF578A44}.Debug|Any CPU.Build.0 = Debug|Any CPU
		{2CBCA0C2-F93B-465E-B1EC-6492EF578A44}.Debug|x64.ActiveCfg = Debug|Any CPU
		{2CBCA0C2-F93B-465E-B1EC-6492EF578A44}.Debug|x64.Build.0 = Debug|Any CPU
		{2CBCA0C2-F93B-465E-B1EC-6492EF578A44}.Debug|x86.ActiveCfg = Debug|Any CPU
		{2CBCA0C2-F93B-465E-B1EC-6492EF578A44}.Debug|x86.Build.0 = Debug|Any CPU
		{2CBCA0C2-F93B-465E-B1EC-6492EF578A44}.Release|Any CPU.ActiveCfg = Release|Any CPU
		{2CBCA0C2-F93B-465E-B1EC-6492EF578A44}.Release|Any CPU.Build.0 = Release|Any CPU
		{2CBCA0C2-F93B-465E-B1EC-6492EF578A44}.Release|x64.ActiveCfg = Release|Any CPU
		{2CBCA0C2-F93B-465E-B1EC-6492EF578A44}.Release|x64.Build.0 = Release|Any CPU
		{2CBCA0C2-F93B-465E-B1EC-6492EF578A44}.Release|x86.ActiveCfg = Release|Any CPU
		{2CBCA0C2-F93B-465E-B1EC-6492EF578A44}.Release|x86.Build.0 = Release|Any CPU
		{40A3D28A-4062-4737-9170-1BFD5DC967F4}.Debug|Any CPU.ActiveCfg = Debug|Any CPU
		{40A3D28A-4062-4737-9170-1BFD5DC967F4}.Debug|Any CPU.Build.0 = Debug|Any CPU
		{40A3D28A-4062-4737-9170-1BFD5DC967F4}.Debug|x64.ActiveCfg = Debug|Any CPU
		{40A3D28A-4062-4737-9170-1BFD5DC967F4}.Debug|x64.Build.0 = Debug|Any CPU
		{40A3D28A-4062-4737-9170-1BFD5DC967F4}.Debug|x86.ActiveCfg = Debug|Any CPU
		{40A3D28A-4062-4737-9170-1BFD5DC967F4}.Debug|x86.Build.0 = Debug|Any CPU
		{40A3D28A-4062-4737-9170-1BFD5DC967F4}.Release|Any CPU.ActiveCfg = Release|Any CPU
		{40A3D28A-4062-4737-9170-1BFD5DC967F4}.Release|Any CPU.Build.0 = Release|Any CPU
		{40A3D28A-4062-4737-9170-1BFD5DC967F4}.Release|x64.ActiveCfg = Release|Any CPU
		{40A3D28A-4062-4737-9170-1BFD5DC967F4}.Release|x64.Build.0 = Release|Any CPU
		{40A3D28A-4062-4737-9170-1BFD5DC967F4}.Release|x86.ActiveCfg = Release|Any CPU
		{40A3D28A-4062-4737-9170-1BFD5DC967F4}.Release|x86.Build.0 = Release|Any CPU
		{833CE192-CB3D-4BB4-863B-4D82C6AA150D}.Debug|Any CPU.ActiveCfg = Debug|Any CPU
		{833CE192-CB3D-4BB4-863B-4D82C6AA150D}.Debug|Any CPU.Build.0 = Debug|Any CPU
		{833CE192-CB3D-4BB4-863B-4D82C6AA150D}.Debug|x64.ActiveCfg = Debug|Any CPU
		{833CE192-CB3D-4BB4-863B-4D82C6AA150D}.Debug|x64.Build.0 = Debug|Any CPU
		{833CE192-CB3D-4BB4-863B-4D82C6AA150D}.Debug|x86.ActiveCfg = Debug|Any CPU
		{833CE192-CB3D-4BB4-863B-4D82C6AA150D}.Debug|x86.Build.0 = Debug|Any CPU
		{833CE192-CB3D-4BB4-863B-4D82C6AA150D}.Release|Any CPU.ActiveCfg = Release|Any CPU
		{833CE192-CB3D-4BB4-863B-4D82C6AA150D}.Release|Any CPU.Build.0 = Release|Any CPU
		{833CE192-CB3D-4BB4-863B-4D82C6AA150D}.Release|x64.ActiveCfg = Release|Any CPU
		{833CE192-CB3D-4BB4-863B-4D82C6AA150D}.Release|x64.Build.0 = Release|Any CPU
		{833CE192-CB3D-4BB4-863B-4D82C6AA150D}.Release|x86.ActiveCfg = Release|Any CPU
		{833CE192-CB3D-4BB4-863B-4D82C6AA150D}.Release|x86.Build.0 = Release|Any CPU
		{D8E24332-D011-4AE9-8069-7D53C33FAAB9}.Debug|Any CPU.ActiveCfg = Debug|Any CPU
		{D8E24332-D011-4AE9-8069-7D53C33FAAB9}.Debug|Any CPU.Build.0 = Debug|Any CPU
		{D8E24332-D011-4AE9-8069-7D53C33FAAB9}.Debug|x64.ActiveCfg = Debug|Any CPU
		{D8E24332-D011-4AE9-8069-7D53C33FAAB9}.Debug|x64.Build.0 = Debug|Any CPU
		{D8E24332-D011-4AE9-8069-7D53C33FAAB9}.Debug|x86.ActiveCfg = Debug|Any CPU
		{D8E24332-D011-4AE9-8069-7D53C33FAAB9}.Debug|x86.Build.0 = Debug|Any CPU
		{D8E24332-D011-4AE9-8069-7D53C33FAAB9}.Release|Any CPU.ActiveCfg = Release|Any CPU
		{D8E24332-D011-4AE9-8069-7D53C33FAAB9}.Release|Any CPU.Build.0 = Release|Any CPU
		{D8E24332-D011-4AE9-8069-7D53C33FAAB9}.Release|x64.ActiveCfg = Release|Any CPU
		{D8E24332-D011-4AE9-8069-7D53C33FAAB9}.Release|x64.Build.0 = Release|Any CPU
		{D8E24332-D011-4AE9-8069-7D53C33FAAB9}.Release|x86.ActiveCfg = Release|Any CPU
		{D8E24332-D011-4AE9-8069-7D53C33FAAB9}.Release|x86.Build.0 = Release|Any CPU
		{12940D0D-4F2E-4D5D-921D-7924DEDA5E96}.Debug|Any CPU.ActiveCfg = Debug|Any CPU
		{12940D0D-4F2E-4D5D-921D-7924DEDA5E96}.Debug|Any CPU.Build.0 = Debug|Any CPU
		{12940D0D-4F2E-4D5D-921D-7924DEDA5E96}.Debug|x64.ActiveCfg = Debug|Any CPU
		{12940D0D-4F2E-4D5D-921D-7924DEDA5E96}.Debug|x64.Build.0 = Debug|Any CPU
		{12940D0D-4F2E-4D5D-921D-7924DEDA5E96}.Debug|x86.ActiveCfg = Debug|Any CPU
		{12940D0D-4F2E-4D5D-921D-7924DEDA5E96}.Debug|x86.Build.0 = Debug|Any CPU
		{12940D0D-4F2E-4D5D-921D-7924DEDA5E96}.Release|Any CPU.ActiveCfg = Release|Any CPU
		{12940D0D-4F2E-4D5D-921D-7924DEDA5E96}.Release|Any CPU.Build.0 = Release|Any CPU
		{12940D0D-4F2E-4D5D-921D-7924DEDA5E96}.Release|x64.ActiveCfg = Release|Any CPU
		{12940D0D-4F2E-4D5D-921D-7924DEDA5E96}.Release|x64.Build.0 = Release|Any CPU
		{12940D0D-4F2E-4D5D-921D-7924DEDA5E96}.Release|x86.ActiveCfg = Release|Any CPU
		{12940D0D-4F2E-4D5D-921D-7924DEDA5E96}.Release|x86.Build.0 = Release|Any CPU
		{1CCDA108-B6F5-4A85-835B-C18C80E315B4}.Debug|Any CPU.ActiveCfg = Debug|Any CPU
		{1CCDA108-B6F5-4A85-835B-C18C80E315B4}.Debug|Any CPU.Build.0 = Debug|Any CPU
		{1CCDA108-B6F5-4A85-835B-C18C80E315B4}.Debug|x64.ActiveCfg = Debug|Any CPU
		{1CCDA108-B6F5-4A85-835B-C18C80E315B4}.Debug|x64.Build.0 = Debug|Any CPU
		{1CCDA108-B6F5-4A85-835B-C18C80E315B4}.Debug|x86.ActiveCfg = Debug|Any CPU
		{1CCDA108-B6F5-4A85-835B-C18C80E315B4}.Debug|x86.Build.0 = Debug|Any CPU
		{1CCDA108-B6F5-4A85-835B-C18C80E315B4}.Release|Any CPU.ActiveCfg = Release|Any CPU
		{1CCDA108-B6F5-4A85-835B-C18C80E315B4}.Release|Any CPU.Build.0 = Release|Any CPU
		{1CCDA108-B6F5-4A85-835B-C18C80E315B4}.Release|x64.ActiveCfg = Release|Any CPU
		{1CCDA108-B6F5-4A85-835B-C18C80E315B4}.Release|x64.Build.0 = Release|Any CPU
		{1CCDA108-B6F5-4A85-835B-C18C80E315B4}.Release|x86.ActiveCfg = Release|Any CPU
		{1CCDA108-B6F5-4A85-835B-C18C80E315B4}.Release|x86.Build.0 = Release|Any CPU
		{DBBEAD4F-B6D7-42A3-BA89-D5B8F2F231E2}.Debug|Any CPU.ActiveCfg = Debug|Any CPU
		{DBBEAD4F-B6D7-42A3-BA89-D5B8F2F231E2}.Debug|Any CPU.Build.0 = Debug|Any CPU
		{DBBEAD4F-B6D7-42A3-BA89-D5B8F2F231E2}.Debug|x64.ActiveCfg = Debug|Any CPU
		{DBBEAD4F-B6D7-42A3-BA89-D5B8F2F231E2}.Debug|x64.Build.0 = Debug|Any CPU
		{DBBEAD4F-B6D7-42A3-BA89-D5B8F2F231E2}.Debug|x86.ActiveCfg = Debug|Any CPU
		{DBBEAD4F-B6D7-42A3-BA89-D5B8F2F231E2}.Debug|x86.Build.0 = Debug|Any CPU
		{DBBEAD4F-B6D7-42A3-BA89-D5B8F2F231E2}.Release|Any CPU.ActiveCfg = Release|Any CPU
		{DBBEAD4F-B6D7-42A3-BA89-D5B8F2F231E2}.Release|Any CPU.Build.0 = Release|Any CPU
		{DBBEAD4F-B6D7-42A3-BA89-D5B8F2F231E2}.Release|x64.ActiveCfg = Release|Any CPU
		{DBBEAD4F-B6D7-42A3-BA89-D5B8F2F231E2}.Release|x64.Build.0 = Release|Any CPU
		{DBBEAD4F-B6D7-42A3-BA89-D5B8F2F231E2}.Release|x86.ActiveCfg = Release|Any CPU
		{DBBEAD4F-B6D7-42A3-BA89-D5B8F2F231E2}.Release|x86.Build.0 = Release|Any CPU
		{E55625BC-F9AC-4185-BA0A-CE4F71B84E80}.Debug|Any CPU.ActiveCfg = Debug|Any CPU
		{E55625BC-F9AC-4185-BA0A-CE4F71B84E80}.Debug|Any CPU.Build.0 = Debug|Any CPU
		{E55625BC-F9AC-4185-BA0A-CE4F71B84E80}.Debug|x64.ActiveCfg = Debug|Any CPU
		{E55625BC-F9AC-4185-BA0A-CE4F71B84E80}.Debug|x64.Build.0 = Debug|Any CPU
		{E55625BC-F9AC-4185-BA0A-CE4F71B84E80}.Debug|x86.ActiveCfg = Debug|Any CPU
		{E55625BC-F9AC-4185-BA0A-CE4F71B84E80}.Debug|x86.Build.0 = Debug|Any CPU
		{E55625BC-F9AC-4185-BA0A-CE4F71B84E80}.Release|Any CPU.ActiveCfg = Release|Any CPU
		{E55625BC-F9AC-4185-BA0A-CE4F71B84E80}.Release|Any CPU.Build.0 = Release|Any CPU
		{E55625BC-F9AC-4185-BA0A-CE4F71B84E80}.Release|x64.ActiveCfg = Release|Any CPU
		{E55625BC-F9AC-4185-BA0A-CE4F71B84E80}.Release|x64.Build.0 = Release|Any CPU
		{E55625BC-F9AC-4185-BA0A-CE4F71B84E80}.Release|x86.ActiveCfg = Release|Any CPU
		{E55625BC-F9AC-4185-BA0A-CE4F71B84E80}.Release|x86.Build.0 = Release|Any CPU
		{5226E183-63CC-4C2A-9E54-952CC0352483}.Debug|Any CPU.ActiveCfg = Debug|Any CPU
		{5226E183-63CC-4C2A-9E54-952CC0352483}.Debug|Any CPU.Build.0 = Debug|Any CPU
		{5226E183-63CC-4C2A-9E54-952CC0352483}.Debug|x64.ActiveCfg = Debug|Any CPU
		{5226E183-63CC-4C2A-9E54-952CC0352483}.Debug|x64.Build.0 = Debug|Any CPU
		{5226E183-63CC-4C2A-9E54-952CC0352483}.Debug|x86.ActiveCfg = Debug|Any CPU
		{5226E183-63CC-4C2A-9E54-952CC0352483}.Debug|x86.Build.0 = Debug|Any CPU
		{5226E183-63CC-4C2A-9E54-952CC0352483}.Release|Any CPU.ActiveCfg = Release|Any CPU
		{5226E183-63CC-4C2A-9E54-952CC0352483}.Release|Any CPU.Build.0 = Release|Any CPU
		{5226E183-63CC-4C2A-9E54-952CC0352483}.Release|x64.ActiveCfg = Release|Any CPU
		{5226E183-63CC-4C2A-9E54-952CC0352483}.Release|x64.Build.0 = Release|Any CPU
		{5226E183-63CC-4C2A-9E54-952CC0352483}.Release|x86.ActiveCfg = Release|Any CPU
		{5226E183-63CC-4C2A-9E54-952CC0352483}.Release|x86.Build.0 = Release|Any CPU
		{059B5654-8BA9-4082-8ACF-F6B65B624C53}.Debug|Any CPU.ActiveCfg = Debug|Any CPU
		{059B5654-8BA9-4082-8ACF-F6B65B624C53}.Debug|Any CPU.Build.0 = Debug|Any CPU
		{059B5654-8BA9-4082-8ACF-F6B65B624C53}.Debug|x64.ActiveCfg = Debug|Any CPU
		{059B5654-8BA9-4082-8ACF-F6B65B624C53}.Debug|x64.Build.0 = Debug|Any CPU
		{059B5654-8BA9-4082-8ACF-F6B65B624C53}.Debug|x86.ActiveCfg = Debug|Any CPU
		{059B5654-8BA9-4082-8ACF-F6B65B624C53}.Debug|x86.Build.0 = Debug|Any CPU
		{059B5654-8BA9-4082-8ACF-F6B65B624C53}.Release|Any CPU.ActiveCfg = Release|Any CPU
		{059B5654-8BA9-4082-8ACF-F6B65B624C53}.Release|Any CPU.Build.0 = Release|Any CPU
		{059B5654-8BA9-4082-8ACF-F6B65B624C53}.Release|x64.ActiveCfg = Release|Any CPU
		{059B5654-8BA9-4082-8ACF-F6B65B624C53}.Release|x64.Build.0 = Release|Any CPU
		{059B5654-8BA9-4082-8ACF-F6B65B624C53}.Release|x86.ActiveCfg = Release|Any CPU
		{059B5654-8BA9-4082-8ACF-F6B65B624C53}.Release|x86.Build.0 = Release|Any CPU
		{A57AA61E-780A-4C27-9E7C-A6D79F975221}.Debug|Any CPU.ActiveCfg = Debug|Any CPU
		{A57AA61E-780A-4C27-9E7C-A6D79F975221}.Debug|Any CPU.Build.0 = Debug|Any CPU
		{A57AA61E-780A-4C27-9E7C-A6D79F975221}.Debug|x64.ActiveCfg = Debug|Any CPU
		{A57AA61E-780A-4C27-9E7C-A6D79F975221}.Debug|x64.Build.0 = Debug|Any CPU
		{A57AA61E-780A-4C27-9E7C-A6D79F975221}.Debug|x86.ActiveCfg = Debug|Any CPU
		{A57AA61E-780A-4C27-9E7C-A6D79F975221}.Debug|x86.Build.0 = Debug|Any CPU
		{A57AA61E-780A-4C27-9E7C-A6D79F975221}.Release|Any CPU.ActiveCfg = Release|Any CPU
		{A57AA61E-780A-4C27-9E7C-A6D79F975221}.Release|Any CPU.Build.0 = Release|Any CPU
		{A57AA61E-780A-4C27-9E7C-A6D79F975221}.Release|x64.ActiveCfg = Release|Any CPU
		{A57AA61E-780A-4C27-9E7C-A6D79F975221}.Release|x64.Build.0 = Release|Any CPU
		{A57AA61E-780A-4C27-9E7C-A6D79F975221}.Release|x86.ActiveCfg = Release|Any CPU
		{A57AA61E-780A-4C27-9E7C-A6D79F975221}.Release|x86.Build.0 = Release|Any CPU
		{4BD58925-E729-445A-8EB0-504D0D6D144B}.Debug|Any CPU.ActiveCfg = Debug|Any CPU
		{4BD58925-E729-445A-8EB0-504D0D6D144B}.Debug|Any CPU.Build.0 = Debug|Any CPU
		{4BD58925-E729-445A-8EB0-504D0D6D144B}.Debug|x64.ActiveCfg = Debug|Any CPU
		{4BD58925-E729-445A-8EB0-504D0D6D144B}.Debug|x64.Build.0 = Debug|Any CPU
		{4BD58925-E729-445A-8EB0-504D0D6D144B}.Debug|x86.ActiveCfg = Debug|Any CPU
		{4BD58925-E729-445A-8EB0-504D0D6D144B}.Debug|x86.Build.0 = Debug|Any CPU
		{4BD58925-E729-445A-8EB0-504D0D6D144B}.Release|Any CPU.ActiveCfg = Release|Any CPU
		{4BD58925-E729-445A-8EB0-504D0D6D144B}.Release|Any CPU.Build.0 = Release|Any CPU
		{4BD58925-E729-445A-8EB0-504D0D6D144B}.Release|x64.ActiveCfg = Release|Any CPU
		{4BD58925-E729-445A-8EB0-504D0D6D144B}.Release|x64.Build.0 = Release|Any CPU
		{4BD58925-E729-445A-8EB0-504D0D6D144B}.Release|x86.ActiveCfg = Release|Any CPU
		{4BD58925-E729-445A-8EB0-504D0D6D144B}.Release|x86.Build.0 = Release|Any CPU
		{5825948B-1373-4B69-AA8B-E88E16650D4C}.Debug|Any CPU.ActiveCfg = Debug|Any CPU
		{5825948B-1373-4B69-AA8B-E88E16650D4C}.Debug|Any CPU.Build.0 = Debug|Any CPU
		{5825948B-1373-4B69-AA8B-E88E16650D4C}.Debug|x64.ActiveCfg = Debug|Any CPU
		{5825948B-1373-4B69-AA8B-E88E16650D4C}.Debug|x64.Build.0 = Debug|Any CPU
		{5825948B-1373-4B69-AA8B-E88E16650D4C}.Debug|x86.ActiveCfg = Debug|Any CPU
		{5825948B-1373-4B69-AA8B-E88E16650D4C}.Debug|x86.Build.0 = Debug|Any CPU
		{5825948B-1373-4B69-AA8B-E88E16650D4C}.Release|Any CPU.ActiveCfg = Release|Any CPU
		{5825948B-1373-4B69-AA8B-E88E16650D4C}.Release|Any CPU.Build.0 = Release|Any CPU
		{5825948B-1373-4B69-AA8B-E88E16650D4C}.Release|x64.ActiveCfg = Release|Any CPU
		{5825948B-1373-4B69-AA8B-E88E16650D4C}.Release|x64.Build.0 = Release|Any CPU
		{5825948B-1373-4B69-AA8B-E88E16650D4C}.Release|x86.ActiveCfg = Release|Any CPU
		{5825948B-1373-4B69-AA8B-E88E16650D4C}.Release|x86.Build.0 = Release|Any CPU
		{B00131BF-9AFE-4D6B-A23C-C8AA3CD7D5EC}.Debug|Any CPU.ActiveCfg = Debug|Any CPU
		{B00131BF-9AFE-4D6B-A23C-C8AA3CD7D5EC}.Debug|Any CPU.Build.0 = Debug|Any CPU
		{B00131BF-9AFE-4D6B-A23C-C8AA3CD7D5EC}.Debug|x64.ActiveCfg = Debug|Any CPU
		{B00131BF-9AFE-4D6B-A23C-C8AA3CD7D5EC}.Debug|x64.Build.0 = Debug|Any CPU
		{B00131BF-9AFE-4D6B-A23C-C8AA3CD7D5EC}.Debug|x86.ActiveCfg = Debug|Any CPU
		{B00131BF-9AFE-4D6B-A23C-C8AA3CD7D5EC}.Debug|x86.Build.0 = Debug|Any CPU
		{B00131BF-9AFE-4D6B-A23C-C8AA3CD7D5EC}.Release|Any CPU.ActiveCfg = Release|Any CPU
		{B00131BF-9AFE-4D6B-A23C-C8AA3CD7D5EC}.Release|Any CPU.Build.0 = Release|Any CPU
		{B00131BF-9AFE-4D6B-A23C-C8AA3CD7D5EC}.Release|x64.ActiveCfg = Release|Any CPU
		{B00131BF-9AFE-4D6B-A23C-C8AA3CD7D5EC}.Release|x64.Build.0 = Release|Any CPU
		{B00131BF-9AFE-4D6B-A23C-C8AA3CD7D5EC}.Release|x86.ActiveCfg = Release|Any CPU
		{B00131BF-9AFE-4D6B-A23C-C8AA3CD7D5EC}.Release|x86.Build.0 = Release|Any CPU
		{7538EBE4-EE84-4A04-AA25-B9645D8E3121}.Debug|Any CPU.ActiveCfg = Debug|Any CPU
		{7538EBE4-EE84-4A04-AA25-B9645D8E3121}.Debug|Any CPU.Build.0 = Debug|Any CPU
		{7538EBE4-EE84-4A04-AA25-B9645D8E3121}.Debug|x64.ActiveCfg = Debug|Any CPU
		{7538EBE4-EE84-4A04-AA25-B9645D8E3121}.Debug|x64.Build.0 = Debug|Any CPU
		{7538EBE4-EE84-4A04-AA25-B9645D8E3121}.Debug|x86.ActiveCfg = Debug|Any CPU
		{7538EBE4-EE84-4A04-AA25-B9645D8E3121}.Debug|x86.Build.0 = Debug|Any CPU
		{7538EBE4-EE84-4A04-AA25-B9645D8E3121}.Release|Any CPU.ActiveCfg = Release|Any CPU
		{7538EBE4-EE84-4A04-AA25-B9645D8E3121}.Release|Any CPU.Build.0 = Release|Any CPU
		{7538EBE4-EE84-4A04-AA25-B9645D8E3121}.Release|x64.ActiveCfg = Release|Any CPU
		{7538EBE4-EE84-4A04-AA25-B9645D8E3121}.Release|x64.Build.0 = Release|Any CPU
		{7538EBE4-EE84-4A04-AA25-B9645D8E3121}.Release|x86.ActiveCfg = Release|Any CPU
		{7538EBE4-EE84-4A04-AA25-B9645D8E3121}.Release|x86.Build.0 = Release|Any CPU
		{E49F7DFF-3453-44F6-9DC1-F3A5743F3E3E}.Debug|Any CPU.ActiveCfg = Debug|Any CPU
		{E49F7DFF-3453-44F6-9DC1-F3A5743F3E3E}.Debug|Any CPU.Build.0 = Debug|Any CPU
		{E49F7DFF-3453-44F6-9DC1-F3A5743F3E3E}.Debug|x64.ActiveCfg = Debug|Any CPU
		{E49F7DFF-3453-44F6-9DC1-F3A5743F3E3E}.Debug|x64.Build.0 = Debug|Any CPU
		{E49F7DFF-3453-44F6-9DC1-F3A5743F3E3E}.Debug|x86.ActiveCfg = Debug|Any CPU
		{E49F7DFF-3453-44F6-9DC1-F3A5743F3E3E}.Debug|x86.Build.0 = Debug|Any CPU
		{E49F7DFF-3453-44F6-9DC1-F3A5743F3E3E}.Release|Any CPU.ActiveCfg = Release|Any CPU
		{E49F7DFF-3453-44F6-9DC1-F3A5743F3E3E}.Release|Any CPU.Build.0 = Release|Any CPU
		{E49F7DFF-3453-44F6-9DC1-F3A5743F3E3E}.Release|x64.ActiveCfg = Release|Any CPU
		{E49F7DFF-3453-44F6-9DC1-F3A5743F3E3E}.Release|x64.Build.0 = Release|Any CPU
		{E49F7DFF-3453-44F6-9DC1-F3A5743F3E3E}.Release|x86.ActiveCfg = Release|Any CPU
		{E49F7DFF-3453-44F6-9DC1-F3A5743F3E3E}.Release|x86.Build.0 = Release|Any CPU
		{0C7175E5-8797-46D7-8763-078D4AFE339E}.Debug|Any CPU.ActiveCfg = Debug|Any CPU
		{0C7175E5-8797-46D7-8763-078D4AFE339E}.Debug|Any CPU.Build.0 = Debug|Any CPU
		{0C7175E5-8797-46D7-8763-078D4AFE339E}.Debug|x64.ActiveCfg = Debug|Any CPU
		{0C7175E5-8797-46D7-8763-078D4AFE339E}.Debug|x64.Build.0 = Debug|Any CPU
		{0C7175E5-8797-46D7-8763-078D4AFE339E}.Debug|x86.ActiveCfg = Debug|Any CPU
		{0C7175E5-8797-46D7-8763-078D4AFE339E}.Debug|x86.Build.0 = Debug|Any CPU
		{0C7175E5-8797-46D7-8763-078D4AFE339E}.Release|Any CPU.ActiveCfg = Release|Any CPU
		{0C7175E5-8797-46D7-8763-078D4AFE339E}.Release|Any CPU.Build.0 = Release|Any CPU
		{0C7175E5-8797-46D7-8763-078D4AFE339E}.Release|x64.ActiveCfg = Release|Any CPU
		{0C7175E5-8797-46D7-8763-078D4AFE339E}.Release|x64.Build.0 = Release|Any CPU
		{0C7175E5-8797-46D7-8763-078D4AFE339E}.Release|x86.ActiveCfg = Release|Any CPU
		{0C7175E5-8797-46D7-8763-078D4AFE339E}.Release|x86.Build.0 = Release|Any CPU
		{C9603E84-7C47-4DCB-9C21-3E81300A7C73}.Debug|Any CPU.ActiveCfg = Debug|Any CPU
		{C9603E84-7C47-4DCB-9C21-3E81300A7C73}.Debug|Any CPU.Build.0 = Debug|Any CPU
		{C9603E84-7C47-4DCB-9C21-3E81300A7C73}.Debug|x64.ActiveCfg = Debug|Any CPU
		{C9603E84-7C47-4DCB-9C21-3E81300A7C73}.Debug|x64.Build.0 = Debug|Any CPU
		{C9603E84-7C47-4DCB-9C21-3E81300A7C73}.Debug|x86.ActiveCfg = Debug|Any CPU
		{C9603E84-7C47-4DCB-9C21-3E81300A7C73}.Debug|x86.Build.0 = Debug|Any CPU
		{C9603E84-7C47-4DCB-9C21-3E81300A7C73}.Release|Any CPU.ActiveCfg = Release|Any CPU
		{C9603E84-7C47-4DCB-9C21-3E81300A7C73}.Release|Any CPU.Build.0 = Release|Any CPU
		{C9603E84-7C47-4DCB-9C21-3E81300A7C73}.Release|x64.ActiveCfg = Release|Any CPU
		{C9603E84-7C47-4DCB-9C21-3E81300A7C73}.Release|x64.Build.0 = Release|Any CPU
		{C9603E84-7C47-4DCB-9C21-3E81300A7C73}.Release|x86.ActiveCfg = Release|Any CPU
		{C9603E84-7C47-4DCB-9C21-3E81300A7C73}.Release|x86.Build.0 = Release|Any CPU
		{E5E50B96-6D95-4BFB-A064-A7E20B995418}.Debug|Any CPU.ActiveCfg = Debug|Any CPU
		{E5E50B96-6D95-4BFB-A064-A7E20B995418}.Debug|Any CPU.Build.0 = Debug|Any CPU
		{E5E50B96-6D95-4BFB-A064-A7E20B995418}.Debug|x64.ActiveCfg = Debug|Any CPU
		{E5E50B96-6D95-4BFB-A064-A7E20B995418}.Debug|x64.Build.0 = Debug|Any CPU
		{E5E50B96-6D95-4BFB-A064-A7E20B995418}.Debug|x86.ActiveCfg = Debug|Any CPU
		{E5E50B96-6D95-4BFB-A064-A7E20B995418}.Debug|x86.Build.0 = Debug|Any CPU
		{E5E50B96-6D95-4BFB-A064-A7E20B995418}.Release|Any CPU.ActiveCfg = Release|Any CPU
		{E5E50B96-6D95-4BFB-A064-A7E20B995418}.Release|Any CPU.Build.0 = Release|Any CPU
		{E5E50B96-6D95-4BFB-A064-A7E20B995418}.Release|x64.ActiveCfg = Release|Any CPU
		{E5E50B96-6D95-4BFB-A064-A7E20B995418}.Release|x64.Build.0 = Release|Any CPU
		{E5E50B96-6D95-4BFB-A064-A7E20B995418}.Release|x86.ActiveCfg = Release|Any CPU
		{E5E50B96-6D95-4BFB-A064-A7E20B995418}.Release|x86.Build.0 = Release|Any CPU
		{57853ADD-AC18-46B8-AEDC-1B653B5B1BC1}.Debug|Any CPU.ActiveCfg = Debug|Any CPU
		{57853ADD-AC18-46B8-AEDC-1B653B5B1BC1}.Debug|Any CPU.Build.0 = Debug|Any CPU
		{57853ADD-AC18-46B8-AEDC-1B653B5B1BC1}.Debug|x64.ActiveCfg = Debug|Any CPU
		{57853ADD-AC18-46B8-AEDC-1B653B5B1BC1}.Debug|x64.Build.0 = Debug|Any CPU
		{57853ADD-AC18-46B8-AEDC-1B653B5B1BC1}.Debug|x86.ActiveCfg = Debug|Any CPU
		{57853ADD-AC18-46B8-AEDC-1B653B5B1BC1}.Debug|x86.Build.0 = Debug|Any CPU
		{57853ADD-AC18-46B8-AEDC-1B653B5B1BC1}.Release|Any CPU.ActiveCfg = Release|Any CPU
		{57853ADD-AC18-46B8-AEDC-1B653B5B1BC1}.Release|Any CPU.Build.0 = Release|Any CPU
		{57853ADD-AC18-46B8-AEDC-1B653B5B1BC1}.Release|x64.ActiveCfg = Release|Any CPU
		{57853ADD-AC18-46B8-AEDC-1B653B5B1BC1}.Release|x64.Build.0 = Release|Any CPU
		{57853ADD-AC18-46B8-AEDC-1B653B5B1BC1}.Release|x86.ActiveCfg = Release|Any CPU
		{57853ADD-AC18-46B8-AEDC-1B653B5B1BC1}.Release|x86.Build.0 = Release|Any CPU
		{5EA486D3-DF1A-4A2C-852A-40914215D223}.Debug|Any CPU.ActiveCfg = Debug|Any CPU
		{5EA486D3-DF1A-4A2C-852A-40914215D223}.Debug|Any CPU.Build.0 = Debug|Any CPU
		{5EA486D3-DF1A-4A2C-852A-40914215D223}.Debug|x64.ActiveCfg = Debug|Any CPU
		{5EA486D3-DF1A-4A2C-852A-40914215D223}.Debug|x64.Build.0 = Debug|Any CPU
		{5EA486D3-DF1A-4A2C-852A-40914215D223}.Debug|x86.ActiveCfg = Debug|Any CPU
		{5EA486D3-DF1A-4A2C-852A-40914215D223}.Debug|x86.Build.0 = Debug|Any CPU
		{5EA486D3-DF1A-4A2C-852A-40914215D223}.Release|Any CPU.ActiveCfg = Release|Any CPU
		{5EA486D3-DF1A-4A2C-852A-40914215D223}.Release|Any CPU.Build.0 = Release|Any CPU
		{5EA486D3-DF1A-4A2C-852A-40914215D223}.Release|x64.ActiveCfg = Release|Any CPU
		{5EA486D3-DF1A-4A2C-852A-40914215D223}.Release|x64.Build.0 = Release|Any CPU
		{5EA486D3-DF1A-4A2C-852A-40914215D223}.Release|x86.ActiveCfg = Release|Any CPU
		{5EA486D3-DF1A-4A2C-852A-40914215D223}.Release|x86.Build.0 = Release|Any CPU
		{91C78F24-82F1-4284-894D-4FCD018EB7D5}.Debug|Any CPU.ActiveCfg = Debug|Any CPU
		{91C78F24-82F1-4284-894D-4FCD018EB7D5}.Debug|Any CPU.Build.0 = Debug|Any CPU
		{91C78F24-82F1-4284-894D-4FCD018EB7D5}.Debug|x64.ActiveCfg = Debug|Any CPU
		{91C78F24-82F1-4284-894D-4FCD018EB7D5}.Debug|x64.Build.0 = Debug|Any CPU
		{91C78F24-82F1-4284-894D-4FCD018EB7D5}.Debug|x86.ActiveCfg = Debug|Any CPU
		{91C78F24-82F1-4284-894D-4FCD018EB7D5}.Debug|x86.Build.0 = Debug|Any CPU
		{91C78F24-82F1-4284-894D-4FCD018EB7D5}.Release|Any CPU.ActiveCfg = Release|Any CPU
		{91C78F24-82F1-4284-894D-4FCD018EB7D5}.Release|Any CPU.Build.0 = Release|Any CPU
		{91C78F24-82F1-4284-894D-4FCD018EB7D5}.Release|x64.ActiveCfg = Release|Any CPU
		{91C78F24-82F1-4284-894D-4FCD018EB7D5}.Release|x64.Build.0 = Release|Any CPU
		{91C78F24-82F1-4284-894D-4FCD018EB7D5}.Release|x86.ActiveCfg = Release|Any CPU
		{91C78F24-82F1-4284-894D-4FCD018EB7D5}.Release|x86.Build.0 = Release|Any CPU
		{1DF2ED24-ED39-46EB-9E47-DBB5AC1C19AB}.Debug|Any CPU.ActiveCfg = Debug|Any CPU
		{1DF2ED24-ED39-46EB-9E47-DBB5AC1C19AB}.Debug|Any CPU.Build.0 = Debug|Any CPU
		{1DF2ED24-ED39-46EB-9E47-DBB5AC1C19AB}.Debug|x64.ActiveCfg = Debug|Any CPU
		{1DF2ED24-ED39-46EB-9E47-DBB5AC1C19AB}.Debug|x64.Build.0 = Debug|Any CPU
		{1DF2ED24-ED39-46EB-9E47-DBB5AC1C19AB}.Debug|x86.ActiveCfg = Debug|Any CPU
		{1DF2ED24-ED39-46EB-9E47-DBB5AC1C19AB}.Debug|x86.Build.0 = Debug|Any CPU
		{1DF2ED24-ED39-46EB-9E47-DBB5AC1C19AB}.Release|Any CPU.ActiveCfg = Release|Any CPU
		{1DF2ED24-ED39-46EB-9E47-DBB5AC1C19AB}.Release|Any CPU.Build.0 = Release|Any CPU
		{1DF2ED24-ED39-46EB-9E47-DBB5AC1C19AB}.Release|x64.ActiveCfg = Release|Any CPU
		{1DF2ED24-ED39-46EB-9E47-DBB5AC1C19AB}.Release|x64.Build.0 = Release|Any CPU
		{1DF2ED24-ED39-46EB-9E47-DBB5AC1C19AB}.Release|x86.ActiveCfg = Release|Any CPU
		{1DF2ED24-ED39-46EB-9E47-DBB5AC1C19AB}.Release|x86.Build.0 = Release|Any CPU
		{D2B2DD7E-B6E3-4C2A-9A9F-91D79A689898}.Debug|Any CPU.ActiveCfg = Debug|Any CPU
		{D2B2DD7E-B6E3-4C2A-9A9F-91D79A689898}.Debug|Any CPU.Build.0 = Debug|Any CPU
		{D2B2DD7E-B6E3-4C2A-9A9F-91D79A689898}.Debug|x64.ActiveCfg = Debug|Any CPU
		{D2B2DD7E-B6E3-4C2A-9A9F-91D79A689898}.Debug|x64.Build.0 = Debug|Any CPU
		{D2B2DD7E-B6E3-4C2A-9A9F-91D79A689898}.Debug|x86.ActiveCfg = Debug|Any CPU
		{D2B2DD7E-B6E3-4C2A-9A9F-91D79A689898}.Debug|x86.Build.0 = Debug|Any CPU
		{D2B2DD7E-B6E3-4C2A-9A9F-91D79A689898}.Release|Any CPU.ActiveCfg = Release|Any CPU
		{D2B2DD7E-B6E3-4C2A-9A9F-91D79A689898}.Release|Any CPU.Build.0 = Release|Any CPU
		{D2B2DD7E-B6E3-4C2A-9A9F-91D79A689898}.Release|x64.ActiveCfg = Release|Any CPU
		{D2B2DD7E-B6E3-4C2A-9A9F-91D79A689898}.Release|x64.Build.0 = Release|Any CPU
		{D2B2DD7E-B6E3-4C2A-9A9F-91D79A689898}.Release|x86.ActiveCfg = Release|Any CPU
		{D2B2DD7E-B6E3-4C2A-9A9F-91D79A689898}.Release|x86.Build.0 = Release|Any CPU
		{B6B5A2BE-C5A3-42EE-82D4-060537DE794F}.Debug|Any CPU.ActiveCfg = Debug|Any CPU
		{B6B5A2BE-C5A3-42EE-82D4-060537DE794F}.Debug|Any CPU.Build.0 = Debug|Any CPU
		{B6B5A2BE-C5A3-42EE-82D4-060537DE794F}.Debug|x64.ActiveCfg = Debug|Any CPU
		{B6B5A2BE-C5A3-42EE-82D4-060537DE794F}.Debug|x64.Build.0 = Debug|Any CPU
		{B6B5A2BE-C5A3-42EE-82D4-060537DE794F}.Debug|x86.ActiveCfg = Debug|Any CPU
		{B6B5A2BE-C5A3-42EE-82D4-060537DE794F}.Debug|x86.Build.0 = Debug|Any CPU
		{B6B5A2BE-C5A3-42EE-82D4-060537DE794F}.Release|Any CPU.ActiveCfg = Release|Any CPU
		{B6B5A2BE-C5A3-42EE-82D4-060537DE794F}.Release|Any CPU.Build.0 = Release|Any CPU
		{B6B5A2BE-C5A3-42EE-82D4-060537DE794F}.Release|x64.ActiveCfg = Release|Any CPU
		{B6B5A2BE-C5A3-42EE-82D4-060537DE794F}.Release|x64.Build.0 = Release|Any CPU
		{B6B5A2BE-C5A3-42EE-82D4-060537DE794F}.Release|x86.ActiveCfg = Release|Any CPU
		{B6B5A2BE-C5A3-42EE-82D4-060537DE794F}.Release|x86.Build.0 = Release|Any CPU
		{3EA96FFD-9A41-4B23-AEF4-A8BF377311D5}.Debug|Any CPU.ActiveCfg = Debug|Any CPU
		{3EA96FFD-9A41-4B23-AEF4-A8BF377311D5}.Debug|Any CPU.Build.0 = Debug|Any CPU
		{3EA96FFD-9A41-4B23-AEF4-A8BF377311D5}.Debug|x64.ActiveCfg = Debug|Any CPU
		{3EA96FFD-9A41-4B23-AEF4-A8BF377311D5}.Debug|x64.Build.0 = Debug|Any CPU
		{3EA96FFD-9A41-4B23-AEF4-A8BF377311D5}.Debug|x86.ActiveCfg = Debug|Any CPU
		{3EA96FFD-9A41-4B23-AEF4-A8BF377311D5}.Debug|x86.Build.0 = Debug|Any CPU
		{3EA96FFD-9A41-4B23-AEF4-A8BF377311D5}.Release|Any CPU.ActiveCfg = Release|Any CPU
		{3EA96FFD-9A41-4B23-AEF4-A8BF377311D5}.Release|Any CPU.Build.0 = Release|Any CPU
		{3EA96FFD-9A41-4B23-AEF4-A8BF377311D5}.Release|x64.ActiveCfg = Release|Any CPU
		{3EA96FFD-9A41-4B23-AEF4-A8BF377311D5}.Release|x64.Build.0 = Release|Any CPU
		{3EA96FFD-9A41-4B23-AEF4-A8BF377311D5}.Release|x86.ActiveCfg = Release|Any CPU
		{3EA96FFD-9A41-4B23-AEF4-A8BF377311D5}.Release|x86.Build.0 = Release|Any CPU
	EndGlobalSection
	GlobalSection(SolutionProperties) = preSolution
		HideSolutionNode = FALSE
	EndGlobalSection
	GlobalSection(NestedProjects) = preSolution
		{50BC607B-8E72-4F3B-8E30-85EC46C02B5B} = {8F1A915B-6FF6-4BD2-BDD7-F7AF638E049E}
		{0E0F3F13-BDA9-4FD9-8F8F-0B45BC42653D} = {C38BAE94-BA73-4A57-9826-1468FA22DDE8}
		{1C765B85-11A0-40E9-A57F-9925FC8388AC} = {8F1A915B-6FF6-4BD2-BDD7-F7AF638E049E}
		{1B040EE1-99BA-45C8-84E8-05C4D2F6F138} = {8F1A915B-6FF6-4BD2-BDD7-F7AF638E049E}
		{39A85FC7-BFCB-45AB-9BF8-6B4AD9FD1553} = {C38BAE94-BA73-4A57-9826-1468FA22DDE8}
		{7E62BBDC-AAD6-4E09-8B7D-C1E1ED2A6F52} = {C38BAE94-BA73-4A57-9826-1468FA22DDE8}
		{0E454A0D-3BCD-465F-9B7B-14640F84DAC2} = {C38BAE94-BA73-4A57-9826-1468FA22DDE8}
		{01DFAC43-3E1E-43C7-8293-63BB9D29B9F3} = {8F1A915B-6FF6-4BD2-BDD7-F7AF638E049E}
		{2CBCA0C2-F93B-465E-B1EC-6492EF578A44} = {8F1A915B-6FF6-4BD2-BDD7-F7AF638E049E}
		{40A3D28A-4062-4737-9170-1BFD5DC967F4} = {8F1A915B-6FF6-4BD2-BDD7-F7AF638E049E}
		{833CE192-CB3D-4BB4-863B-4D82C6AA150D} = {032758B4-9152-4B10-8627-7914F5F4E0E0}
		{D8E24332-D011-4AE9-8069-7D53C33FAAB9} = {032758B4-9152-4B10-8627-7914F5F4E0E0}
		{12940D0D-4F2E-4D5D-921D-7924DEDA5E96} = {C38BAE94-BA73-4A57-9826-1468FA22DDE8}
		{1CCDA108-B6F5-4A85-835B-C18C80E315B4} = {C38BAE94-BA73-4A57-9826-1468FA22DDE8}
		{DBBEAD4F-B6D7-42A3-BA89-D5B8F2F231E2} = {C38BAE94-BA73-4A57-9826-1468FA22DDE8}
		{E55625BC-F9AC-4185-BA0A-CE4F71B84E80} = {8F1A915B-6FF6-4BD2-BDD7-F7AF638E049E}
		{5226E183-63CC-4C2A-9E54-952CC0352483} = {AF1955FF-2836-4A59-A822-62EB7B6774CB}
		{059B5654-8BA9-4082-8ACF-F6B65B624C53} = {AF1955FF-2836-4A59-A822-62EB7B6774CB}
		{A57AA61E-780A-4C27-9E7C-A6D79F975221} = {8F1A915B-6FF6-4BD2-BDD7-F7AF638E049E}
		{4BD58925-E729-445A-8EB0-504D0D6D144B} = {032758B4-9152-4B10-8627-7914F5F4E0E0}
		{5825948B-1373-4B69-AA8B-E88E16650D4C} = {032758B4-9152-4B10-8627-7914F5F4E0E0}
		{B00131BF-9AFE-4D6B-A23C-C8AA3CD7D5EC} = {18D743E0-6FF7-4BE6-B40F-5ABC19547342}
		{7538EBE4-EE84-4A04-AA25-B9645D8E3121} = {18D743E0-6FF7-4BE6-B40F-5ABC19547342}
		{E49F7DFF-3453-44F6-9DC1-F3A5743F3E3E} = {18D743E0-6FF7-4BE6-B40F-5ABC19547342}
		{0C7175E5-8797-46D7-8763-078D4AFE339E} = {18D743E0-6FF7-4BE6-B40F-5ABC19547342}
		{C9603E84-7C47-4DCB-9C21-3E81300A7C73} = {C38BAE94-BA73-4A57-9826-1468FA22DDE8}
		{E5E50B96-6D95-4BFB-A064-A7E20B995418} = {C38BAE94-BA73-4A57-9826-1468FA22DDE8}
		{57853ADD-AC18-46B8-AEDC-1B653B5B1BC1} = {18D743E0-6FF7-4BE6-B40F-5ABC19547342}
		{5EA486D3-DF1A-4A2C-852A-40914215D223} = {C38BAE94-BA73-4A57-9826-1468FA22DDE8}
		{91C78F24-82F1-4284-894D-4FCD018EB7D5} = {18D743E0-6FF7-4BE6-B40F-5ABC19547342}
		{1DF2ED24-ED39-46EB-9E47-DBB5AC1C19AB} = {18D743E0-6FF7-4BE6-B40F-5ABC19547342}
		{D2B2DD7E-B6E3-4C2A-9A9F-91D79A689898} = {C38BAE94-BA73-4A57-9826-1468FA22DDE8}
		{B6B5A2BE-C5A3-42EE-82D4-060537DE794F} = {C38BAE94-BA73-4A57-9826-1468FA22DDE8}
		{3EA96FFD-9A41-4B23-AEF4-A8BF377311D5} = {AF1955FF-2836-4A59-A822-62EB7B6774CB}
	EndGlobalSection
	GlobalSection(ExtensibilityGlobals) = postSolution
		SolutionGuid = {79BC620D-A9A9-41B2-835E-E6CAF80E9902}
	EndGlobalSection
	GlobalSection(Performance) = preSolution
		HasPerformanceSessions = true
	EndGlobalSection
	GlobalSection(Performance) = preSolution
		HasPerformanceSessions = true
	EndGlobalSection
EndGlobal
