
Microsoft Visual Studio Solution File, Format Version 12.00
# Visual Studio 15
VisualStudioVersion = 15.0.27428.2043
MinimumVisualStudioVersion = 10.0.40219.1
Project("{FAE04EC0-301F-11D3-BF4B-00C04F79EFBC}") = "HackSystem", "HackSystem\HackSystem.csproj", "{6A25BE16-22E7-4002-8CD7-99A7A6BFB2AA}"
	ProjectSection(ProjectDependencies) = postProject
		{C618E603-DD32-4278-BEBF-6B1807E3A790} = {C618E603-DD32-4278-BEBF-6B1807E3A790}
		{4138EEB0-2A53-4111-9898-E953609A21DD} = {4138EEB0-2A53-4111-9898-E953609A21DD}
	EndProjectSection
EndProject
Project("{FAE04EC0-301F-11D3-BF4B-00C04F79EFBC}") = "StartUpTemplate", "StartUpTemplate\StartUpTemplate.csproj", "{C618E603-DD32-4278-BEBF-6B1807E3A790}"
EndProject
Project("{FAE04EC0-301F-11D3-BF4B-00C04F79EFBC}") = "DefaultStartUp", "DefaultStartUp\DefaultStartUp.csproj", "{4CD6841D-ACEF-4879-8F0D-ED624A3657CF}"
	ProjectSection(ProjectDependencies) = postProject
		{C618E603-DD32-4278-BEBF-6B1807E3A790} = {C618E603-DD32-4278-BEBF-6B1807E3A790}
	EndProjectSection
EndProject
Project("{2150E333-8FDC-42A3-9474-1A3956D46DE8}") = "StartUps", "StartUps", "{A8C54090-B89B-4213-B746-E687FFE0FF10}"
EndProject
Project("{FAE04EC0-301F-11D3-BF4B-00C04F79EFBC}") = "ScientistStartUp", "ScientistStartUp\ScientistStartUp.csproj", "{1155531C-D174-4687-A159-0A6E170DA5EE}"
	ProjectSection(ProjectDependencies) = postProject
		{C618E603-DD32-4278-BEBF-6B1807E3A790} = {C618E603-DD32-4278-BEBF-6B1807E3A790}
	EndProjectSection
EndProject
Project("{2150E333-8FDC-42A3-9474-1A3956D46DE8}") = "Documents", "Documents", "{A4C6CDAC-D60F-45BD-98F5-732ED2065A77}"
	ProjectSection(SolutionItems) = preProject
		Common.txt = Common.txt
		Documents\Login开发教程.md = Documents\Login开发教程.md
		Documents\StartUp开发教程.md = Documents\StartUp开发教程.md
	EndProjectSection
EndProject
Project("{FAE04EC0-301F-11D3-BF4B-00C04F79EFBC}") = "RingsStartUp", "RingsStartUp\RingsStartUp.csproj", "{43189EB8-1A80-4587-BD89-E8D1A7748C4F}"
	ProjectSection(ProjectDependencies) = postProject
		{C618E603-DD32-4278-BEBF-6B1807E3A790} = {C618E603-DD32-4278-BEBF-6B1807E3A790}
	EndProjectSection
EndProject
Project("{FAE04EC0-301F-11D3-BF4B-00C04F79EFBC}") = "AnimationStartUp", "AnimationStartUp\AnimationStartUp.csproj", "{3443552E-A068-4B7D-9398-970C628485FC}"
	ProjectSection(ProjectDependencies) = postProject
		{C618E603-DD32-4278-BEBF-6B1807E3A790} = {C618E603-DD32-4278-BEBF-6B1807E3A790}
	EndProjectSection
EndProject
Project("{FAE04EC0-301F-11D3-BF4B-00C04F79EFBC}") = "HackSystemTests", "HackSystemTests\HackSystemTests.csproj", "{00DFE92D-55C0-4E95-9568-CAFFD9CE37B2}"
EndProject
Project("{FAE04EC0-301F-11D3-BF4B-00C04F79EFBC}") = "LoginTemplate", "LoginTemplate\LoginTemplate.csproj", "{4138EEB0-2A53-4111-9898-E953609A21DD}"
EndProject
Project("{2150E333-8FDC-42A3-9474-1A3956D46DE8}") = "Logins", "Logins", "{440F20B3-CDA8-41CE-AF87-E58BC267B533}"
EndProject
Project("{FAE04EC0-301F-11D3-BF4B-00C04F79EFBC}") = "DefaultLogin", "DefaultLogin\DefaultLogin.csproj", "{4C709A95-7B5F-4CA6-91CA-264E4D243CA9}"
	ProjectSection(ProjectDependencies) = postProject
		{4138EEB0-2A53-4111-9898-E953609A21DD} = {4138EEB0-2A53-4111-9898-E953609A21DD}
	EndProjectSection
EndProject
Global
	GlobalSection(SolutionConfigurationPlatforms) = preSolution
		Debug|Any CPU = Debug|Any CPU
		Release|Any CPU = Release|Any CPU
	EndGlobalSection
	GlobalSection(ProjectConfigurationPlatforms) = postSolution
		{6A25BE16-22E7-4002-8CD7-99A7A6BFB2AA}.Debug|Any CPU.ActiveCfg = Debug|Any CPU
		{6A25BE16-22E7-4002-8CD7-99A7A6BFB2AA}.Debug|Any CPU.Build.0 = Debug|Any CPU
		{6A25BE16-22E7-4002-8CD7-99A7A6BFB2AA}.Release|Any CPU.ActiveCfg = Release|Any CPU
		{6A25BE16-22E7-4002-8CD7-99A7A6BFB2AA}.Release|Any CPU.Build.0 = Release|Any CPU
		{C618E603-DD32-4278-BEBF-6B1807E3A790}.Debug|Any CPU.ActiveCfg = Debug|Any CPU
		{C618E603-DD32-4278-BEBF-6B1807E3A790}.Debug|Any CPU.Build.0 = Debug|Any CPU
		{C618E603-DD32-4278-BEBF-6B1807E3A790}.Release|Any CPU.ActiveCfg = Release|Any CPU
		{C618E603-DD32-4278-BEBF-6B1807E3A790}.Release|Any CPU.Build.0 = Release|Any CPU
		{4CD6841D-ACEF-4879-8F0D-ED624A3657CF}.Debug|Any CPU.ActiveCfg = Debug|Any CPU
		{4CD6841D-ACEF-4879-8F0D-ED624A3657CF}.Debug|Any CPU.Build.0 = Debug|Any CPU
		{4CD6841D-ACEF-4879-8F0D-ED624A3657CF}.Release|Any CPU.ActiveCfg = Release|Any CPU
		{4CD6841D-ACEF-4879-8F0D-ED624A3657CF}.Release|Any CPU.Build.0 = Release|Any CPU
		{1155531C-D174-4687-A159-0A6E170DA5EE}.Debug|Any CPU.ActiveCfg = Debug|Any CPU
		{1155531C-D174-4687-A159-0A6E170DA5EE}.Debug|Any CPU.Build.0 = Debug|Any CPU
		{1155531C-D174-4687-A159-0A6E170DA5EE}.Release|Any CPU.ActiveCfg = Release|Any CPU
		{1155531C-D174-4687-A159-0A6E170DA5EE}.Release|Any CPU.Build.0 = Release|Any CPU
		{43189EB8-1A80-4587-BD89-E8D1A7748C4F}.Debug|Any CPU.ActiveCfg = Debug|Any CPU
		{43189EB8-1A80-4587-BD89-E8D1A7748C4F}.Debug|Any CPU.Build.0 = Debug|Any CPU
		{43189EB8-1A80-4587-BD89-E8D1A7748C4F}.Release|Any CPU.ActiveCfg = Release|Any CPU
		{43189EB8-1A80-4587-BD89-E8D1A7748C4F}.Release|Any CPU.Build.0 = Release|Any CPU
		{3443552E-A068-4B7D-9398-970C628485FC}.Debug|Any CPU.ActiveCfg = Debug|Any CPU
		{3443552E-A068-4B7D-9398-970C628485FC}.Debug|Any CPU.Build.0 = Debug|Any CPU
		{3443552E-A068-4B7D-9398-970C628485FC}.Release|Any CPU.ActiveCfg = Release|Any CPU
		{3443552E-A068-4B7D-9398-970C628485FC}.Release|Any CPU.Build.0 = Release|Any CPU
		{00DFE92D-55C0-4E95-9568-CAFFD9CE37B2}.Debug|Any CPU.ActiveCfg = Debug|Any CPU
		{00DFE92D-55C0-4E95-9568-CAFFD9CE37B2}.Debug|Any CPU.Build.0 = Debug|Any CPU
		{00DFE92D-55C0-4E95-9568-CAFFD9CE37B2}.Release|Any CPU.ActiveCfg = Release|Any CPU
		{00DFE92D-55C0-4E95-9568-CAFFD9CE37B2}.Release|Any CPU.Build.0 = Release|Any CPU
		{4138EEB0-2A53-4111-9898-E953609A21DD}.Debug|Any CPU.ActiveCfg = Debug|Any CPU
		{4138EEB0-2A53-4111-9898-E953609A21DD}.Debug|Any CPU.Build.0 = Debug|Any CPU
		{4138EEB0-2A53-4111-9898-E953609A21DD}.Release|Any CPU.ActiveCfg = Release|Any CPU
		{4138EEB0-2A53-4111-9898-E953609A21DD}.Release|Any CPU.Build.0 = Release|Any CPU
		{4C709A95-7B5F-4CA6-91CA-264E4D243CA9}.Debug|Any CPU.ActiveCfg = Debug|Any CPU
		{4C709A95-7B5F-4CA6-91CA-264E4D243CA9}.Debug|Any CPU.Build.0 = Debug|Any CPU
		{4C709A95-7B5F-4CA6-91CA-264E4D243CA9}.Release|Any CPU.ActiveCfg = Release|Any CPU
		{4C709A95-7B5F-4CA6-91CA-264E4D243CA9}.Release|Any CPU.Build.0 = Release|Any CPU
	EndGlobalSection
	GlobalSection(SolutionProperties) = preSolution
		HideSolutionNode = FALSE
	EndGlobalSection
	GlobalSection(NestedProjects) = preSolution
		{4CD6841D-ACEF-4879-8F0D-ED624A3657CF} = {A8C54090-B89B-4213-B746-E687FFE0FF10}
		{1155531C-D174-4687-A159-0A6E170DA5EE} = {A8C54090-B89B-4213-B746-E687FFE0FF10}
		{43189EB8-1A80-4587-BD89-E8D1A7748C4F} = {A8C54090-B89B-4213-B746-E687FFE0FF10}
		{3443552E-A068-4B7D-9398-970C628485FC} = {A8C54090-B89B-4213-B746-E687FFE0FF10}
		{4C709A95-7B5F-4CA6-91CA-264E4D243CA9} = {440F20B3-CDA8-41CE-AF87-E58BC267B533}
	EndGlobalSection
	GlobalSection(ExtensibilityGlobals) = postSolution
		SolutionGuid = {79BC620D-A9A9-41B2-835E-E6CAF80E9902}
	EndGlobalSection
EndGlobal
